
Microsoft Visual Studio Solution File, Format Version 12.00
# Visual Studio 15
Project("{FAE04EC0-301F-11D3-BF4B-00C04F79EFBC}") = "Assembly-CSharp", "Assembly-CSharp.csproj", "{9201FA14-5972-BAF2-7770-0CA978564470}"
EndProject
Global
	GlobalSection(SolutionConfigurationPlatforms) = preSolution
		Debug|Any CPU = Debug|Any CPU
		Release|Any CPU = Release|Any CPU
	EndGlobalSection
	GlobalSection(ProjectConfigurationPlatforms) = postSolution
		{9201FA14-5972-BAF2-7770-0CA978564470}.Debug|Any CPU.ActiveCfg = Debug|Any CPU
		{9201FA14-5972-BAF2-7770-0CA978564470}.Debug|Any CPU.Build.0 = Debug|Any CPU
		{9201FA14-5972-BAF2-7770-0CA978564470}.Release|Any CPU.ActiveCfg = Release|Any CPU
		{9201FA14-5972-BAF2-7770-0CA978564470}.Release|Any CPU.Build.0 = Release|Any CPU
	EndGlobalSection
	GlobalSection(SolutionProperties) = preSolution
		HideSolutionNode = FALSE
	EndGlobalSection
EndGlobal
